// !$*UTF8*$!
{
	archiveVersion = 1;
	classes = {
	};
	objectVersion = 56;
	objects = {

/* Begin PBXBuildFile section */
		D70220802C74D7EF00CD1733 /* SignInView.swift in Sources */ = {isa = PBXBuildFile; fileRef = D702207F2C74D7EF00CD1733 /* SignInView.swift */; };
		D70220822C75E0CA00CD1733 /* MapView.swift in Sources */ = {isa = PBXBuildFile; fileRef = D70220812C75E0CA00CD1733 /* MapView.swift */; };
		D70220852C75EB8200CD1733 /* TitleSectionView.swift in Sources */ = {isa = PBXBuildFile; fileRef = D70220842C75EB8200CD1733 /* TitleSectionView.swift */; };
		D70220872C75F10F00CD1733 /* SignUpView.swift in Sources */ = {isa = PBXBuildFile; fileRef = D70220862C75F10F00CD1733 /* SignUpView.swift */; };
		D76FE2332C787C0E00DB4488 /* TeamListView.swift in Sources */ = {isa = PBXBuildFile; fileRef = D76FE2322C787C0E00DB4488 /* TeamListView.swift */; };
		D76FE2372C78C87200DB4488 /* Color.swift in Sources */ = {isa = PBXBuildFile; fileRef = D76FE2362C78C87200DB4488 /* Color.swift */; };
		D76FE2392C78C93400DB4488 /* NetworkManager.swift in Sources */ = {isa = PBXBuildFile; fileRef = D76FE2382C78C93400DB4488 /* NetworkManager.swift */; };
		D79117562C76189300E1F3E4 /* String.swift in Sources */ = {isa = PBXBuildFile; fileRef = D79117552C76189300E1F3E4 /* String.swift */; };
		D7AFC58D2C74A6C1006FC710 /* NFLStatsApp.swift in Sources */ = {isa = PBXBuildFile; fileRef = D7AFC58C2C74A6C1006FC710 /* NFLStatsApp.swift */; };
		D7AFC58F2C74A6C1006FC710 /* ContentView.swift in Sources */ = {isa = PBXBuildFile; fileRef = D7AFC58E2C74A6C1006FC710 /* ContentView.swift */; };
		D7AFC5912C74A6C3006FC710 /* Assets.xcassets in Resources */ = {isa = PBXBuildFile; fileRef = D7AFC5902C74A6C3006FC710 /* Assets.xcassets */; };
		D7AFC5942C74A6C3006FC710 /* Preview Assets.xcassets in Resources */ = {isa = PBXBuildFile; fileRef = D7AFC5932C74A6C3006FC710 /* Preview Assets.xcassets */; };
/* End PBXBuildFile section */

/* Begin PBXFileReference section */
		D702207F2C74D7EF00CD1733 /* SignInView.swift */ = {isa = PBXFileReference; lastKnownFileType = sourcecode.swift; name = SignInView.swift; path = ../../SignInView.swift; sourceTree = "<group>"; };
		D70220812C75E0CA00CD1733 /* MapView.swift */ = {isa = PBXFileReference; lastKnownFileType = sourcecode.swift; name = MapView.swift; path = ../../MapView.swift; sourceTree = "<group>"; };
		D70220842C75EB8200CD1733 /* TitleSectionView.swift */ = {isa = PBXFileReference; lastKnownFileType = sourcecode.swift; name = TitleSectionView.swift; path = ../../TitleSectionView.swift; sourceTree = "<group>"; };
		D70220862C75F10F00CD1733 /* SignUpView.swift */ = {isa = PBXFileReference; lastKnownFileType = sourcecode.swift; name = SignUpView.swift; path = ../../SignUpView.swift; sourceTree = "<group>"; };
		D76FE2322C787C0E00DB4488 /* TeamListView.swift */ = {isa = PBXFileReference; lastKnownFileType = sourcecode.swift; path = TeamListView.swift; sourceTree = "<group>"; };
		D76FE2362C78C87200DB4488 /* Color.swift */ = {isa = PBXFileReference; lastKnownFileType = sourcecode.swift; path = Color.swift; sourceTree = "<group>"; };
		D76FE2382C78C93400DB4488 /* NetworkManager.swift */ = {isa = PBXFileReference; lastKnownFileType = sourcecode.swift; path = NetworkManager.swift; sourceTree = "<group>"; };
		D79117552C76189300E1F3E4 /* String.swift */ = {isa = PBXFileReference; lastKnownFileType = sourcecode.swift; path = String.swift; sourceTree = "<group>"; };
		D7AFC5892C74A6C1006FC710 /* NFLStats.app */ = {isa = PBXFileReference; explicitFileType = wrapper.application; includeInIndex = 0; path = NFLStats.app; sourceTree = BUILT_PRODUCTS_DIR; };
		D7AFC58C2C74A6C1006FC710 /* NFLStatsApp.swift */ = {isa = PBXFileReference; lastKnownFileType = sourcecode.swift; path = NFLStatsApp.swift; sourceTree = "<group>"; };
		D7AFC58E2C74A6C1006FC710 /* ContentView.swift */ = {isa = PBXFileReference; lastKnownFileType = sourcecode.swift; path = ContentView.swift; sourceTree = "<group>"; };
		D7AFC5902C74A6C3006FC710 /* Assets.xcassets */ = {isa = PBXFileReference; lastKnownFileType = folder.assetcatalog; path = Assets.xcassets; sourceTree = "<group>"; };
		D7AFC5932C74A6C3006FC710 /* Preview Assets.xcassets */ = {isa = PBXFileReference; lastKnownFileType = folder.assetcatalog; path = "Preview Assets.xcassets"; sourceTree = "<group>"; };
/* End PBXFileReference section */

/* Begin PBXFrameworksBuildPhase section */
		D7AFC5862C74A6C1006FC710 /* Frameworks */ = {
			isa = PBXFrameworksBuildPhase;
			buildActionMask = 2147483647;
			files = (
			);
			runOnlyForDeploymentPostprocessing = 0;
		};
/* End PBXFrameworksBuildPhase section */

/* Begin PBXGroup section */
		D70220832C75EAE300CD1733 /* Models */ = {
			isa = PBXGroup;
			children = (
			);
			path = Models;
			sourceTree = "<group>";
		};
		D76FE2342C78C7E100DB4488 /* Views */ = {
			isa = PBXGroup;
			children = (
				D79117652C77465B00E1F3E4 /* Auth */,
				D76FE23A2C78CD6300DB4488 /* Profile */,
			);
			path = Views;
			sourceTree = "<group>";
		};
		D76FE2352C78C7F100DB4488 /* ViewModels */ = {
			isa = PBXGroup;
			children = (
				D76FE2382C78C93400DB4488 /* NetworkManager.swift */,
			);
			path = ViewModels;
			sourceTree = "<group>";
		};
		D76FE23A2C78CD6300DB4488 /* Profile */ = {
			isa = PBXGroup;
			children = (
				D76FE2322C787C0E00DB4488 /* TeamListView.swift */,
			);
			path = Profile;
			sourceTree = "<group>";
		};
		D79117542C76185300E1F3E4 /* Extensions */ = {
			isa = PBXGroup;
			children = (
				D79117552C76189300E1F3E4 /* String.swift */,
				D76FE2362C78C87200DB4488 /* Color.swift */,
			);
			path = Extensions;
			sourceTree = "<group>";
		};
		D79117612C77458C00E1F3E4 /* App */ = {
			isa = PBXGroup;
			children = (
				D7AFC58C2C74A6C1006FC710 /* NFLStatsApp.swift */,
			);
			path = App;
			sourceTree = "<group>";
		};
		D79117622C7745D000E1F3E4 /* Components */ = {
			isa = PBXGroup;
			children = (
			);
			path = Components;
			sourceTree = "<group>";
		};
		D79117652C77465B00E1F3E4 /* Auth */ = {
			isa = PBXGroup;
			children = (
				D702207F2C74D7EF00CD1733 /* SignInView.swift */,
				D70220812C75E0CA00CD1733 /* MapView.swift */,
				D70220842C75EB8200CD1733 /* TitleSectionView.swift */,
				D70220862C75F10F00CD1733 /* SignUpView.swift */,
			);
			path = Auth;
			sourceTree = "<group>";
		};
		D7AFC5802C74A6C1006FC710 = {
			isa = PBXGroup;
			children = (
				D7AFC58B2C74A6C1006FC710 /* NFLStats */,
				D7AFC58A2C74A6C1006FC710 /* Products */,
			);
			sourceTree = "<group>";
		};
		D7AFC58A2C74A6C1006FC710 /* Products */ = {
			isa = PBXGroup;
			children = (
				D7AFC5892C74A6C1006FC710 /* NFLStats.app */,
			);
			name = Products;
			sourceTree = "<group>";
		};
		D7AFC58B2C74A6C1006FC710 /* NFLStats */ = {
			isa = PBXGroup;
			children = (
				D79117612C77458C00E1F3E4 /* App */,
				D79117542C76185300E1F3E4 /* Extensions */,
				D79117622C7745D000E1F3E4 /* Components */,
				D70220832C75EAE300CD1733 /* Models */,
				D76FE2352C78C7F100DB4488 /* ViewModels */,
				D76FE2342C78C7E100DB4488 /* Views */,
				D7AFC58E2C74A6C1006FC710 /* ContentView.swift */,
				D7AFC5902C74A6C3006FC710 /* Assets.xcassets */,
				D7AFC5922C74A6C3006FC710 /* Preview Content */,
			);
			path = NFLStats;
			sourceTree = "<group>";
		};
		D7AFC5922C74A6C3006FC710 /* Preview Content */ = {
			isa = PBXGroup;
			children = (
				D7AFC5932C74A6C3006FC710 /* Preview Assets.xcassets */,
			);
			path = "Preview Content";
			sourceTree = "<group>";
		};
/* End PBXGroup section */

/* Begin PBXNativeTarget section */
		D7AFC5882C74A6C1006FC710 /* NFLStats */ = {
			isa = PBXNativeTarget;
			buildConfigurationList = D7AFC5972C74A6C3006FC710 /* Build configuration list for PBXNativeTarget "NFLStats" */;
			buildPhases = (
				D7AFC5852C74A6C1006FC710 /* Sources */,
				D7AFC5862C74A6C1006FC710 /* Frameworks */,
				D7AFC5872C74A6C1006FC710 /* Resources */,
			);
			buildRules = (
			);
			dependencies = (
			);
			name = NFLStats;
			packageProductDependencies = (
			);
			productName = NFLStats;
			productReference = D7AFC5892C74A6C1006FC710 /* NFLStats.app */;
			productType = "com.apple.product-type.application";
		};
/* End PBXNativeTarget section */

/* Begin PBXProject section */
		D7AFC5812C74A6C1006FC710 /* Project object */ = {
			isa = PBXProject;
			attributes = {
				BuildIndependentTargetsInParallel = 1;
				LastSwiftUpdateCheck = 1540;
				LastUpgradeCheck = 1540;
				TargetAttributes = {
					D7AFC5882C74A6C1006FC710 = {
						CreatedOnToolsVersion = 15.4;
					};
				};
			};
			buildConfigurationList = D7AFC5842C74A6C1006FC710 /* Build configuration list for PBXProject "NFLStats" */;
			compatibilityVersion = "Xcode 14.0";
			developmentRegion = en;
			hasScannedForEncodings = 0;
			knownRegions = (
				en,
				Base,
			);
			mainGroup = D7AFC5802C74A6C1006FC710;
			packageReferences = (
			);
			productRefGroup = D7AFC58A2C74A6C1006FC710 /* Products */;
			projectDirPath = "";
			projectRoot = "";
			targets = (
				D7AFC5882C74A6C1006FC710 /* NFLStats */,
			);
		};
/* End PBXProject section */

/* Begin PBXResourcesBuildPhase section */
		D7AFC5872C74A6C1006FC710 /* Resources */ = {
			isa = PBXResourcesBuildPhase;
			buildActionMask = 2147483647;
			files = (
				D7AFC5942C74A6C3006FC710 /* Preview Assets.xcassets in Resources */,
				D7AFC5912C74A6C3006FC710 /* Assets.xcassets in Resources */,
			);
			runOnlyForDeploymentPostprocessing = 0;
		};
/* End PBXResourcesBuildPhase section */

/* Begin PBXSourcesBuildPhase section */
		D7AFC5852C74A6C1006FC710 /* Sources */ = {
			isa = PBXSourcesBuildPhase;
			buildActionMask = 2147483647;
			files = (
				D70220802C74D7EF00CD1733 /* SignInView.swift in Sources */,
				D70220822C75E0CA00CD1733 /* MapView.swift in Sources */,
				D7AFC58F2C74A6C1006FC710 /* ContentView.swift in Sources */,
				D76FE2332C787C0E00DB4488 /* TeamListView.swift in Sources */,
				D7AFC58D2C74A6C1006FC710 /* NFLStatsApp.swift in Sources */,
				D76FE2392C78C93400DB4488 /* NetworkManager.swift in Sources */,
				D79117562C76189300E1F3E4 /* String.swift in Sources */,
				D70220872C75F10F00CD1733 /* SignUpView.swift in Sources */,
				D70220852C75EB8200CD1733 /* TitleSectionView.swift in Sources */,
				D76FE2372C78C87200DB4488 /* Color.swift in Sources */,
			);
			runOnlyForDeploymentPostprocessing = 0;
		};
/* End PBXSourcesBuildPhase section */

/* Begin XCBuildConfiguration section */
		D7AFC5952C74A6C3006FC710 /* Debug */ = {
			isa = XCBuildConfiguration;
			buildSettings = {
				ALWAYS_SEARCH_USER_PATHS = NO;
				ASSETCATALOG_COMPILER_GENERATE_SWIFT_ASSET_SYMBOL_EXTENSIONS = YES;
				CLANG_ANALYZER_NONNULL = YES;
				CLANG_ANALYZER_NUMBER_OBJECT_CONVERSION = YES_AGGRESSIVE;
				CLANG_CXX_LANGUAGE_STANDARD = "gnu++20";
				CLANG_ENABLE_MODULES = YES;
				CLANG_ENABLE_OBJC_ARC = YES;
				CLANG_ENABLE_OBJC_WEAK = YES;
				CLANG_WARN_BLOCK_CAPTURE_AUTORELEASING = YES;
				CLANG_WARN_BOOL_CONVERSION = YES;
				CLANG_WARN_COMMA = YES;
				CLANG_WARN_CONSTANT_CONVERSION = YES;
				CLANG_WARN_DEPRECATED_OBJC_IMPLEMENTATIONS = YES;
				CLANG_WARN_DIRECT_OBJC_ISA_USAGE = YES_ERROR;
				CLANG_WARN_DOCUMENTATION_COMMENTS = YES;
				CLANG_WARN_EMPTY_BODY = YES;
				CLANG_WARN_ENUM_CONVERSION = YES;
				CLANG_WARN_INFINITE_RECURSION = YES;
				CLANG_WARN_INT_CONVERSION = YES;
				CLANG_WARN_NON_LITERAL_NULL_CONVERSION = YES;
				CLANG_WARN_OBJC_IMPLICIT_RETAIN_SELF = YES;
				CLANG_WARN_OBJC_LITERAL_CONVERSION = YES;
				CLANG_WARN_OBJC_ROOT_CLASS = YES_ERROR;
				CLANG_WARN_QUOTED_INCLUDE_IN_FRAMEWORK_HEADER = YES;
				CLANG_WARN_RANGE_LOOP_ANALYSIS = YES;
				CLANG_WARN_STRICT_PROTOTYPES = YES;
				CLANG_WARN_SUSPICIOUS_MOVE = YES;
				CLANG_WARN_UNGUARDED_AVAILABILITY = YES_AGGRESSIVE;
				CLANG_WARN_UNREACHABLE_CODE = YES;
				CLANG_WARN__DUPLICATE_METHOD_MATCH = YES;
				COPY_PHASE_STRIP = NO;
				DEBUG_INFORMATION_FORMAT = dwarf;
				ENABLE_STRICT_OBJC_MSGSEND = YES;
				ENABLE_TESTABILITY = YES;
				ENABLE_USER_SCRIPT_SANDBOXING = YES;
				GCC_C_LANGUAGE_STANDARD = gnu17;
				GCC_DYNAMIC_NO_PIC = NO;
				GCC_NO_COMMON_BLOCKS = YES;
				GCC_OPTIMIZATION_LEVEL = 0;
				GCC_PREPROCESSOR_DEFINITIONS = (
					"DEBUG=1",
					"$(inherited)",
				);
				GCC_WARN_64_TO_32_BIT_CONVERSION = YES;
				GCC_WARN_ABOUT_RETURN_TYPE = YES_ERROR;
				GCC_WARN_UNDECLARED_SELECTOR = YES;
				GCC_WARN_UNINITIALIZED_AUTOS = YES_AGGRESSIVE;
				GCC_WARN_UNUSED_FUNCTION = YES;
				GCC_WARN_UNUSED_VARIABLE = YES;
				IPHONEOS_DEPLOYMENT_TARGET = 17.5;
				LOCALIZATION_PREFERS_STRING_CATALOGS = YES;
				MTL_ENABLE_DEBUG_INFO = INCLUDE_SOURCE;
				MTL_FAST_MATH = YES;
				ONLY_ACTIVE_ARCH = YES;
				SDKROOT = iphoneos;
				SWIFT_ACTIVE_COMPILATION_CONDITIONS = "DEBUG $(inherited)";
				SWIFT_OPTIMIZATION_LEVEL = "-Onone";
			};
			name = Debug;
		};
		D7AFC5962C74A6C3006FC710 /* Release */ = {
			isa = XCBuildConfiguration;
			buildSettings = {
				ALWAYS_SEARCH_USER_PATHS = NO;
				ASSETCATALOG_COMPILER_GENERATE_SWIFT_ASSET_SYMBOL_EXTENSIONS = YES;
				CLANG_ANALYZER_NONNULL = YES;
				CLANG_ANALYZER_NUMBER_OBJECT_CONVERSION = YES_AGGRESSIVE;
				CLANG_CXX_LANGUAGE_STANDARD = "gnu++20";
				CLANG_ENABLE_MODULES = YES;
				CLANG_ENABLE_OBJC_ARC = YES;
				CLANG_ENABLE_OBJC_WEAK = YES;
				CLANG_WARN_BLOCK_CAPTURE_AUTORELEASING = YES;
				CLANG_WARN_BOOL_CONVERSION = YES;
				CLANG_WARN_COMMA = YES;
				CLANG_WARN_CONSTANT_CONVERSION = YES;
				CLANG_WARN_DEPRECATED_OBJC_IMPLEMENTATIONS = YES;
				CLANG_WARN_DIRECT_OBJC_ISA_USAGE = YES_ERROR;
				CLANG_WARN_DOCUMENTATION_COMMENTS = YES;
				CLANG_WARN_EMPTY_BODY = YES;
				CLANG_WARN_ENUM_CONVERSION = YES;
				CLANG_WARN_INFINITE_RECURSION = YES;
				CLANG_WARN_INT_CONVERSION = YES;
				CLANG_WARN_NON_LITERAL_NULL_CONVERSION = YES;
				CLANG_WARN_OBJC_IMPLICIT_RETAIN_SELF = YES;
				CLANG_WARN_OBJC_LITERAL_CONVERSION = YES;
				CLANG_WARN_OBJC_ROOT_CLASS = YES_ERROR;
				CLANG_WARN_QUOTED_INCLUDE_IN_FRAMEWORK_HEADER = YES;
				CLANG_WARN_RANGE_LOOP_ANALYSIS = YES;
				CLANG_WARN_STRICT_PROTOTYPES = YES;
				CLANG_WARN_SUSPICIOUS_MOVE = YES;
				CLANG_WARN_UNGUARDED_AVAILABILITY = YES_AGGRESSIVE;
				CLANG_WARN_UNREACHABLE_CODE = YES;
				CLANG_WARN__DUPLICATE_METHOD_MATCH = YES;
				COPY_PHASE_STRIP = NO;
				DEBUG_INFORMATION_FORMAT = "dwarf-with-dsym";
				ENABLE_NS_ASSERTIONS = NO;
				ENABLE_STRICT_OBJC_MSGSEND = YES;
				ENABLE_USER_SCRIPT_SANDBOXING = YES;
				GCC_C_LANGUAGE_STANDARD = gnu17;
				GCC_NO_COMMON_BLOCKS = YES;
				GCC_WARN_64_TO_32_BIT_CONVERSION = YES;
				GCC_WARN_ABOUT_RETURN_TYPE = YES_ERROR;
				GCC_WARN_UNDECLARED_SELECTOR = YES;
				GCC_WARN_UNINITIALIZED_AUTOS = YES_AGGRESSIVE;
				GCC_WARN_UNUSED_FUNCTION = YES;
				GCC_WARN_UNUSED_VARIABLE = YES;
				IPHONEOS_DEPLOYMENT_TARGET = 17.5;
				LOCALIZATION_PREFERS_STRING_CATALOGS = YES;
				MTL_ENABLE_DEBUG_INFO = NO;
				MTL_FAST_MATH = YES;
				SDKROOT = iphoneos;
				SWIFT_COMPILATION_MODE = wholemodule;
				VALIDATE_PRODUCT = YES;
			};
			name = Release;
		};
		D7AFC5982C74A6C3006FC710 /* Debug */ = {
			isa = XCBuildConfiguration;
			buildSettings = {
				ASSETCATALOG_COMPILER_APPICON_NAME = AppIcon;
				ASSETCATALOG_COMPILER_GLOBAL_ACCENT_COLOR_NAME = AccentColor;
				CODE_SIGN_STYLE = Automatic;
				CURRENT_PROJECT_VERSION = 1;
				DEVELOPMENT_ASSET_PATHS = "\"NFLStats/Preview Content\"";
				DEVELOPMENT_TEAM = 462RNDQFB9;
				ENABLE_PREVIEWS = YES;
				GENERATE_INFOPLIST_FILE = YES;
				INFOPLIST_KEY_UIApplicationSceneManifest_Generation = YES;
				INFOPLIST_KEY_UIApplicationSupportsIndirectInputEvents = YES;
				INFOPLIST_KEY_UILaunchScreen_Generation = YES;
				INFOPLIST_KEY_UISupportedInterfaceOrientations_iPad = "UIInterfaceOrientationPortrait UIInterfaceOrientationPortraitUpsideDown UIInterfaceOrientationLandscapeLeft UIInterfaceOrientationLandscapeRight";
				INFOPLIST_KEY_UISupportedInterfaceOrientations_iPhone = "UIInterfaceOrientationPortrait UIInterfaceOrientationLandscapeLeft UIInterfaceOrientationLandscapeRight";
				LD_RUNPATH_SEARCH_PATHS = (
					"$(inherited)",
					"@executable_path/Frameworks",
				);
				MARKETING_VERSION = 1.0;
				PRODUCT_BUNDLE_IDENTIFIER = "Stepan-Krasnov.NFLStats";
				PRODUCT_NAME = "$(TARGET_NAME)";
				SWIFT_EMIT_LOC_STRINGS = YES;
				SWIFT_VERSION = 5.0;
				TARGETED_DEVICE_FAMILY = "1,2";
			};
			name = Debug;
		};
		D7AFC5992C74A6C3006FC710 /* Release */ = {
			isa = XCBuildConfiguration;
			buildSettings = {
				ASSETCATALOG_COMPILER_APPICON_NAME = AppIcon;
				ASSETCATALOG_COMPILER_GLOBAL_ACCENT_COLOR_NAME = AccentColor;
				CODE_SIGN_STYLE = Automatic;
				CURRENT_PROJECT_VERSION = 1;
				DEVELOPMENT_ASSET_PATHS = "\"NFLStats/Preview Content\"";
				DEVELOPMENT_TEAM = 462RNDQFB9;
				ENABLE_PREVIEWS = YES;
				GENERATE_INFOPLIST_FILE = YES;
				INFOPLIST_KEY_UIApplicationSceneManifest_Generation = YES;
				INFOPLIST_KEY_UIApplicationSupportsIndirectInputEvents = YES;
				INFOPLIST_KEY_UILaunchScreen_Generation = YES;
				INFOPLIST_KEY_UISupportedInterfaceOrientations_iPad = "UIInterfaceOrientationPortrait UIInterfaceOrientationPortraitUpsideDown UIInterfaceOrientationLandscapeLeft UIInterfaceOrientationLandscapeRight";
				INFOPLIST_KEY_UISupportedInterfaceOrientations_iPhone = "UIInterfaceOrientationPortrait UIInterfaceOrientationLandscapeLeft UIInterfaceOrientationLandscapeRight";
				LD_RUNPATH_SEARCH_PATHS = (
					"$(inherited)",
					"@executable_path/Frameworks",
				);
				MARKETING_VERSION = 1.0;
				PRODUCT_BUNDLE_IDENTIFIER = "Stepan-Krasnov.NFLStats";
				PRODUCT_NAME = "$(TARGET_NAME)";
				SWIFT_EMIT_LOC_STRINGS = YES;
				SWIFT_VERSION = 5.0;
				TARGETED_DEVICE_FAMILY = "1,2";
			};
			name = Release;
		};
/* End XCBuildConfiguration section */

/* Begin XCConfigurationList section */
		D7AFC5842C74A6C1006FC710 /* Build configuration list for PBXProject "NFLStats" */ = {
			isa = XCConfigurationList;
			buildConfigurations = (
				D7AFC5952C74A6C3006FC710 /* Debug */,
				D7AFC5962C74A6C3006FC710 /* Release */,
			);
			defaultConfigurationIsVisible = 0;
			defaultConfigurationName = Release;
		};
		D7AFC5972C74A6C3006FC710 /* Build configuration list for PBXNativeTarget "NFLStats" */ = {
			isa = XCConfigurationList;
			buildConfigurations = (
				D7AFC5982C74A6C3006FC710 /* Debug */,
				D7AFC5992C74A6C3006FC710 /* Release */,
			);
			defaultConfigurationIsVisible = 0;
			defaultConfigurationName = Release;
		};
/* End XCConfigurationList section */
	};
	rootObject = D7AFC5812C74A6C1006FC710 /* Project object */;
}
