// !$*UTF8*$!
{
	archiveVersion = 1;
	classes = {
	};
	objectVersion = 56;
	objects = {

/* Begin PBXBuildFile section */
		D71374032C8B4225005A3D1C /* EmailFieldView.swift in Sources */ = {isa = PBXBuildFile; fileRef = D71374022C8B4225005A3D1C /* EmailFieldView.swift */; };
		D71374052C8B42FC005A3D1C /* PasswordFieldView.swift in Sources */ = {isa = PBXBuildFile; fileRef = D71374042C8B42FC005A3D1C /* PasswordFieldView.swift */; };
		D75DB8F62C8076A500C72BC7 /* SIgnInView.swift in Sources */ = {isa = PBXBuildFile; fileRef = D75DB8F52C8076A500C72BC7 /* SIgnInView.swift */; };
		D75DB8F82C8076D700C72BC7 /* TitleSectionView.swift in Sources */ = {isa = PBXBuildFile; fileRef = D75DB8F72C8076D700C72BC7 /* TitleSectionView.swift */; };
		D75DB8FA2C80773500C72BC7 /* SignUpView.swift in Sources */ = {isa = PBXBuildFile; fileRef = D75DB8F92C80773500C72BC7 /* SignUpView.swift */; };
		D75DB8FC2C80776600C72BC7 /* MapView.swift in Sources */ = {isa = PBXBuildFile; fileRef = D75DB8FB2C80776600C72BC7 /* MapView.swift */; };
		D75DB8FF2C807D6000C72BC7 /* SignInEmailView.swift in Sources */ = {isa = PBXBuildFile; fileRef = D75DB8FE2C807D6000C72BC7 /* SignInEmailView.swift */; };
		D75DB9012C80C32700C72BC7 /* AuthManager.swift in Sources */ = {isa = PBXBuildFile; fileRef = D75DB9002C80C32700C72BC7 /* AuthManager.swift */; };
		D75DB9032C80CC9600C72BC7 /* RootView.swift in Sources */ = {isa = PBXBuildFile; fileRef = D75DB9022C80CC9600C72BC7 /* RootView.swift */; };
		D75DB9052C85C01F00C72BC7 /* UpdatePasswordView.swift in Sources */ = {isa = PBXBuildFile; fileRef = D75DB9042C85C01F00C72BC7 /* UpdatePasswordView.swift */; };
		D76FE2332C787C0E00DB4488 /* TeamListView.swift in Sources */ = {isa = PBXBuildFile; fileRef = D76FE2322C787C0E00DB4488 /* TeamListView.swift */; };
		D76FE2372C78C87200DB4488 /* Color.swift in Sources */ = {isa = PBXBuildFile; fileRef = D76FE2362C78C87200DB4488 /* Color.swift */; };
		D76FE2392C78C93400DB4488 /* NetworkManager.swift in Sources */ = {isa = PBXBuildFile; fileRef = D76FE2382C78C93400DB4488 /* NetworkManager.swift */; };
		D76FE23D2C7C791100DB4488 /* APIService.swift in Sources */ = {isa = PBXBuildFile; fileRef = D76FE23C2C7C791100DB4488 /* APIService.swift */; };
		D76FE23F2C7C798200DB4488 /* DataService.swift in Sources */ = {isa = PBXBuildFile; fileRef = D76FE23E2C7C798200DB4488 /* DataService.swift */; };
		D76FE2422C7C7B3900DB4488 /* TeamListModel.swift in Sources */ = {isa = PBXBuildFile; fileRef = D76FE2412C7C7B3900DB4488 /* TeamListModel.swift */; };
		D76FE2442C7C869600DB4488 /* Helpers.swift in Sources */ = {isa = PBXBuildFile; fileRef = D76FE2432C7C869600DB4488 /* Helpers.swift */; };
		D76FE2462C7DC68400DB4488 /* TeamItemView.swift in Sources */ = {isa = PBXBuildFile; fileRef = D76FE2452C7DC68400DB4488 /* TeamItemView.swift */; };
		D76FE24B2C7DD11100DB4488 /* FirebaseAuth in Frameworks */ = {isa = PBXBuildFile; productRef = D76FE24A2C7DD11100DB4488 /* FirebaseAuth */; };
		D76FE24D2C7DD11100DB4488 /* FirebaseFirestore in Frameworks */ = {isa = PBXBuildFile; productRef = D76FE24C2C7DD11100DB4488 /* FirebaseFirestore */; };
		D76FE24F2C7DD11100DB4488 /* FirebaseStorage in Frameworks */ = {isa = PBXBuildFile; productRef = D76FE24E2C7DD11100DB4488 /* FirebaseStorage */; };
		D76FE2572C7E0A3B00DB4488 /* GoogleService-Info.plist in Resources */ = {isa = PBXBuildFile; fileRef = D76FE2562C7E0A3B00DB4488 /* GoogleService-Info.plist */; };
		D79117562C76189300E1F3E4 /* String.swift in Sources */ = {isa = PBXBuildFile; fileRef = D79117552C76189300E1F3E4 /* String.swift */; };
		D79AD6872CA2C061001F3EC0 /* TeamModel.swift in Sources */ = {isa = PBXBuildFile; fileRef = D79AD6862CA2C05F001F3EC0 /* TeamModel.swift */; };
		D7AFC58D2C74A6C1006FC710 /* NFLStatsApp.swift in Sources */ = {isa = PBXBuildFile; fileRef = D7AFC58C2C74A6C1006FC710 /* NFLStatsApp.swift */; };
		D7AFC58F2C74A6C1006FC710 /* ContentView.swift in Sources */ = {isa = PBXBuildFile; fileRef = D7AFC58E2C74A6C1006FC710 /* ContentView.swift */; };
		D7AFC5912C74A6C3006FC710 /* Assets.xcassets in Resources */ = {isa = PBXBuildFile; fileRef = D7AFC5902C74A6C3006FC710 /* Assets.xcassets */; };
		D7AFC5942C74A6C3006FC710 /* Preview Assets.xcassets in Resources */ = {isa = PBXBuildFile; fileRef = D7AFC5932C74A6C3006FC710 /* Preview Assets.xcassets */; };
/* End PBXBuildFile section */

/* Begin PBXFileReference section */
		D71374022C8B4225005A3D1C /* EmailFieldView.swift */ = {isa = PBXFileReference; lastKnownFileType = sourcecode.swift; path = EmailFieldView.swift; sourceTree = "<group>"; };
		D71374042C8B42FC005A3D1C /* PasswordFieldView.swift */ = {isa = PBXFileReference; lastKnownFileType = sourcecode.swift; path = PasswordFieldView.swift; sourceTree = "<group>"; };
		D75DB8F52C8076A500C72BC7 /* SIgnInView.swift */ = {isa = PBXFileReference; lastKnownFileType = sourcecode.swift; path = SIgnInView.swift; sourceTree = "<group>"; };
		D75DB8F72C8076D700C72BC7 /* TitleSectionView.swift */ = {isa = PBXFileReference; lastKnownFileType = sourcecode.swift; path = TitleSectionView.swift; sourceTree = "<group>"; };
		D75DB8F92C80773500C72BC7 /* SignUpView.swift */ = {isa = PBXFileReference; lastKnownFileType = sourcecode.swift; path = SignUpView.swift; sourceTree = "<group>"; };
		D75DB8FB2C80776600C72BC7 /* MapView.swift */ = {isa = PBXFileReference; lastKnownFileType = sourcecode.swift; path = MapView.swift; sourceTree = "<group>"; };
		D75DB8FE2C807D6000C72BC7 /* SignInEmailView.swift */ = {isa = PBXFileReference; lastKnownFileType = sourcecode.swift; path = SignInEmailView.swift; sourceTree = "<group>"; };
		D75DB9002C80C32700C72BC7 /* AuthManager.swift */ = {isa = PBXFileReference; lastKnownFileType = sourcecode.swift; path = AuthManager.swift; sourceTree = "<group>"; };
		D75DB9022C80CC9600C72BC7 /* RootView.swift */ = {isa = PBXFileReference; lastKnownFileType = sourcecode.swift; path = RootView.swift; sourceTree = "<group>"; };
		D75DB9042C85C01F00C72BC7 /* UpdatePasswordView.swift */ = {isa = PBXFileReference; lastKnownFileType = sourcecode.swift; path = UpdatePasswordView.swift; sourceTree = "<group>"; };
		D76FE2322C787C0E00DB4488 /* TeamListView.swift */ = {isa = PBXFileReference; lastKnownFileType = sourcecode.swift; path = TeamListView.swift; sourceTree = "<group>"; };
		D76FE2362C78C87200DB4488 /* Color.swift */ = {isa = PBXFileReference; lastKnownFileType = sourcecode.swift; path = Color.swift; sourceTree = "<group>"; };
		D76FE2382C78C93400DB4488 /* NetworkManager.swift */ = {isa = PBXFileReference; lastKnownFileType = sourcecode.swift; path = NetworkManager.swift; sourceTree = "<group>"; };
		D76FE23C2C7C791100DB4488 /* APIService.swift */ = {isa = PBXFileReference; lastKnownFileType = sourcecode.swift; path = APIService.swift; sourceTree = "<group>"; };
		D76FE23E2C7C798200DB4488 /* DataService.swift */ = {isa = PBXFileReference; lastKnownFileType = sourcecode.swift; path = DataService.swift; sourceTree = "<group>"; };
		D76FE2412C7C7B3900DB4488 /* TeamListModel.swift */ = {isa = PBXFileReference; lastKnownFileType = sourcecode.swift; path = TeamListModel.swift; sourceTree = "<group>"; };
		D76FE2432C7C869600DB4488 /* Helpers.swift */ = {isa = PBXFileReference; lastKnownFileType = sourcecode.swift; path = Helpers.swift; sourceTree = "<group>"; };
		D76FE2452C7DC68400DB4488 /* TeamItemView.swift */ = {isa = PBXFileReference; lastKnownFileType = sourcecode.swift; path = TeamItemView.swift; sourceTree = "<group>"; };
		D76FE2562C7E0A3B00DB4488 /* GoogleService-Info.plist */ = {isa = PBXFileReference; fileEncoding = 4; lastKnownFileType = text.plist.xml; name = "GoogleService-Info.plist"; path = "../../../../Downloads/Firebase/NFL-Stats-key/GoogleService-Info.plist"; sourceTree = "<group>"; };
		D79117552C76189300E1F3E4 /* String.swift */ = {isa = PBXFileReference; lastKnownFileType = sourcecode.swift; path = String.swift; sourceTree = "<group>"; };
		D79AD6862CA2C05F001F3EC0 /* TeamModel.swift */ = {isa = PBXFileReference; lastKnownFileType = sourcecode.swift; path = TeamModel.swift; sourceTree = "<group>"; };
		D7AFC5892C74A6C1006FC710 /* NFLStats.app */ = {isa = PBXFileReference; explicitFileType = wrapper.application; includeInIndex = 0; path = NFLStats.app; sourceTree = BUILT_PRODUCTS_DIR; };
		D7AFC58C2C74A6C1006FC710 /* NFLStatsApp.swift */ = {isa = PBXFileReference; lastKnownFileType = sourcecode.swift; path = NFLStatsApp.swift; sourceTree = "<group>"; };
		D7AFC58E2C74A6C1006FC710 /* ContentView.swift */ = {isa = PBXFileReference; lastKnownFileType = sourcecode.swift; path = ContentView.swift; sourceTree = "<group>"; };
		D7AFC5902C74A6C3006FC710 /* Assets.xcassets */ = {isa = PBXFileReference; lastKnownFileType = folder.assetcatalog; path = Assets.xcassets; sourceTree = "<group>"; };
		D7AFC5932C74A6C3006FC710 /* Preview Assets.xcassets */ = {isa = PBXFileReference; lastKnownFileType = folder.assetcatalog; path = "Preview Assets.xcassets"; sourceTree = "<group>"; };
/* End PBXFileReference section */

/* Begin PBXFrameworksBuildPhase section */
		D7AFC5862C74A6C1006FC710 /* Frameworks */ = {
			isa = PBXFrameworksBuildPhase;
			buildActionMask = 2147483647;
			files = (
				D76FE24B2C7DD11100DB4488 /* FirebaseAuth in Frameworks */,
				D76FE24D2C7DD11100DB4488 /* FirebaseFirestore in Frameworks */,
				D76FE24F2C7DD11100DB4488 /* FirebaseStorage in Frameworks */,
			);
			runOnlyForDeploymentPostprocessing = 0;
		};
/* End PBXFrameworksBuildPhase section */

/* Begin PBXGroup section */
		D76FE23A2C78CD6300DB4488 /* Profile */ = {
			isa = PBXGroup;
			children = (
				D79AD6862CA2C05F001F3EC0 /* TeamModel.swift */,
				D76FE2412C7C7B3900DB4488 /* TeamListModel.swift */,
				D76FE2322C787C0E00DB4488 /* TeamListView.swift */,
				D76FE2452C7DC68400DB4488 /* TeamItemView.swift */,
				D76FE2382C78C93400DB4488 /* NetworkManager.swift */,
			);
			path = Profile;
			sourceTree = "<group>";
		};
		D76FE23B2C7C78C400DB4488 /* Services */ = {
			isa = PBXGroup;
			children = (
				D76FE23C2C7C791100DB4488 /* APIService.swift */,
				D76FE23E2C7C798200DB4488 /* DataService.swift */,
				D76FE2432C7C869600DB4488 /* Helpers.swift */,
			);
			path = Services;
			sourceTree = "<group>";
		};
		D79117542C76185300E1F3E4 /* Extensions */ = {
			isa = PBXGroup;
			children = (
				D79117552C76189300E1F3E4 /* String.swift */,
				D76FE2362C78C87200DB4488 /* Color.swift */,
			);
			path = Extensions;
			sourceTree = "<group>";
		};
		D79117612C77458C00E1F3E4 /* App */ = {
			isa = PBXGroup;
			children = (
				D7AFC58C2C74A6C1006FC710 /* NFLStatsApp.swift */,
				D75DB9022C80CC9600C72BC7 /* RootView.swift */,
				D7AFC58E2C74A6C1006FC710 /* ContentView.swift */,
				D75DB8FB2C80776600C72BC7 /* MapView.swift */,
			);
			path = App;
			sourceTree = "<group>";
		};
		D79117622C7745D000E1F3E4 /* Components */ = {
			isa = PBXGroup;
			children = (
				D75DB8F72C8076D700C72BC7 /* TitleSectionView.swift */,
				D71374022C8B4225005A3D1C /* EmailFieldView.swift */,
				D71374042C8B42FC005A3D1C /* PasswordFieldView.swift */,
			);
			path = Components;
			sourceTree = "<group>";
		};
		D79117652C77465B00E1F3E4 /* Authentication */ = {
			isa = PBXGroup;
			children = (
				D75DB8F52C8076A500C72BC7 /* SIgnInView.swift */,
				D75DB8F92C80773500C72BC7 /* SignUpView.swift */,
				D75DB8FE2C807D6000C72BC7 /* SignInEmailView.swift */,
				D75DB9042C85C01F00C72BC7 /* UpdatePasswordView.swift */,
				D75DB9002C80C32700C72BC7 /* AuthManager.swift */,
			);
			path = Authentication;
			sourceTree = "<group>";
		};
		D7AFC5802C74A6C1006FC710 = {
			isa = PBXGroup;
			children = (
				D7AFC58B2C74A6C1006FC710 /* NFLStats */,
				D7AFC58A2C74A6C1006FC710 /* Products */,
			);
			sourceTree = "<group>";
		};
		D7AFC58A2C74A6C1006FC710 /* Products */ = {
			isa = PBXGroup;
			children = (
				D7AFC5892C74A6C1006FC710 /* NFLStats.app */,
			);
			name = Products;
			sourceTree = "<group>";
		};
		D7AFC58B2C74A6C1006FC710 /* NFLStats */ = {
			isa = PBXGroup;
			children = (
				D79117612C77458C00E1F3E4 /* App */,
				D79117652C77465B00E1F3E4 /* Authentication */,
				D76FE23A2C78CD6300DB4488 /* Profile */,
				D76FE23B2C7C78C400DB4488 /* Services */,
				D79117622C7745D000E1F3E4 /* Components */,
				D79117542C76185300E1F3E4 /* Extensions */,
				D7AFC5902C74A6C3006FC710 /* Assets.xcassets */,
				D76FE2562C7E0A3B00DB4488 /* GoogleService-Info.plist */,
				D7AFC5922C74A6C3006FC710 /* Preview Content */,
			);
			path = NFLStats;
			sourceTree = "<group>";
		};
		D7AFC5922C74A6C3006FC710 /* Preview Content */ = {
			isa = PBXGroup;
			children = (
				D7AFC5932C74A6C3006FC710 /* Preview Assets.xcassets */,
			);
			path = "Preview Content";
			sourceTree = "<group>";
		};
/* End PBXGroup section */

/* Begin PBXNativeTarget section */
		D7AFC5882C74A6C1006FC710 /* NFLStats */ = {
			isa = PBXNativeTarget;
			buildConfigurationList = D7AFC5972C74A6C3006FC710 /* Build configuration list for PBXNativeTarget "NFLStats" */;
			buildPhases = (
				D7AFC5852C74A6C1006FC710 /* Sources */,
				D7AFC5862C74A6C1006FC710 /* Frameworks */,
				D7AFC5872C74A6C1006FC710 /* Resources */,
			);
			buildRules = (
			);
			dependencies = (
			);
			name = NFLStats;
			packageProductDependencies = (
				D76FE24A2C7DD11100DB4488 /* FirebaseAuth */,
				D76FE24C2C7DD11100DB4488 /* FirebaseFirestore */,
				D76FE24E2C7DD11100DB4488 /* FirebaseStorage */,
			);
			productName = NFLStats;
			productReference = D7AFC5892C74A6C1006FC710 /* NFLStats.app */;
			productType = "com.apple.product-type.application";
		};
/* End PBXNativeTarget section */

/* Begin PBXProject section */
		D7AFC5812C74A6C1006FC710 /* Project object */ = {
			isa = PBXProject;
			attributes = {
				BuildIndependentTargetsInParallel = 1;
				LastSwiftUpdateCheck = 1540;
				LastUpgradeCheck = 1540;
				TargetAttributes = {
					D7AFC5882C74A6C1006FC710 = {
						CreatedOnToolsVersion = 15.4;
					};
				};
			};
			buildConfigurationList = D7AFC5842C74A6C1006FC710 /* Build configuration list for PBXProject "NFLStats" */;
			compatibilityVersion = "Xcode 14.0";
			developmentRegion = en;
			hasScannedForEncodings = 0;
			knownRegions = (
				en,
				Base,
			);
			mainGroup = D7AFC5802C74A6C1006FC710;
			packageReferences = (
				D76FE2492C7DD11100DB4488 /* XCRemoteSwiftPackageReference "firebase-ios-sdk" */,
			);
			productRefGroup = D7AFC58A2C74A6C1006FC710 /* Products */;
			projectDirPath = "";
			projectRoot = "";
			targets = (
				D7AFC5882C74A6C1006FC710 /* NFLStats */,
			);
		};
/* End PBXProject section */

/* Begin PBXResourcesBuildPhase section */
		D7AFC5872C74A6C1006FC710 /* Resources */ = {
			isa = PBXResourcesBuildPhase;
			buildActionMask = 2147483647;
			files = (
				D7AFC5942C74A6C3006FC710 /* Preview Assets.xcassets in Resources */,
				D76FE2572C7E0A3B00DB4488 /* GoogleService-Info.plist in Resources */,
				D7AFC5912C74A6C3006FC710 /* Assets.xcassets in Resources */,
			);
			runOnlyForDeploymentPostprocessing = 0;
		};
/* End PBXResourcesBuildPhase section */

/* Begin PBXSourcesBuildPhase section */
		D7AFC5852C74A6C1006FC710 /* Sources */ = {
			isa = PBXSourcesBuildPhase;
			buildActionMask = 2147483647;
			files = (
				D76FE2442C7C869600DB4488 /* Helpers.swift in Sources */,
				D75DB8FC2C80776600C72BC7 /* MapView.swift in Sources */,
				D7AFC58F2C74A6C1006FC710 /* ContentView.swift in Sources */,
				D76FE23F2C7C798200DB4488 /* DataService.swift in Sources */,
				D76FE2462C7DC68400DB4488 /* TeamItemView.swift in Sources */,
				D71374032C8B4225005A3D1C /* EmailFieldView.swift in Sources */,
				D75DB8F82C8076D700C72BC7 /* TitleSectionView.swift in Sources */,
				D76FE2332C787C0E00DB4488 /* TeamListView.swift in Sources */,
				D71374052C8B42FC005A3D1C /* PasswordFieldView.swift in Sources */,
				D75DB9052C85C01F00C72BC7 /* UpdatePasswordView.swift in Sources */,
				D75DB9012C80C32700C72BC7 /* AuthManager.swift in Sources */,
				D76FE23D2C7C791100DB4488 /* APIService.swift in Sources */,
				D7AFC58D2C74A6C1006FC710 /* NFLStatsApp.swift in Sources */,
				D76FE2392C78C93400DB4488 /* NetworkManager.swift in Sources */,
				D79117562C76189300E1F3E4 /* String.swift in Sources */,
				D75DB8FF2C807D6000C72BC7 /* SignInEmailView.swift in Sources */,
				D75DB8FA2C80773500C72BC7 /* SignUpView.swift in Sources */,
				D75DB9032C80CC9600C72BC7 /* RootView.swift in Sources */,
				D79AD6872CA2C061001F3EC0 /* TeamModel.swift in Sources */,
				D76FE2372C78C87200DB4488 /* Color.swift in Sources */,
				D75DB8F62C8076A500C72BC7 /* SIgnInView.swift in Sources */,
				D76FE2422C7C7B3900DB4488 /* TeamListModel.swift in Sources */,
			);
			runOnlyForDeploymentPostprocessing = 0;
		};
/* End PBXSourcesBuildPhase section */

/* Begin XCBuildConfiguration section */
		D7AFC5952C74A6C3006FC710 /* Debug */ = {
			isa = XCBuildConfiguration;
			buildSettings = {
				ALWAYS_SEARCH_USER_PATHS = NO;
				ASSETCATALOG_COMPILER_GENERATE_SWIFT_ASSET_SYMBOL_EXTENSIONS = YES;
				CLANG_ANALYZER_NONNULL = YES;
				CLANG_ANALYZER_NUMBER_OBJECT_CONVERSION = YES_AGGRESSIVE;
				CLANG_CXX_LANGUAGE_STANDARD = "gnu++20";
				CLANG_ENABLE_MODULES = YES;
				CLANG_ENABLE_OBJC_ARC = YES;
				CLANG_ENABLE_OBJC_WEAK = YES;
				CLANG_WARN_BLOCK_CAPTURE_AUTORELEASING = YES;
				CLANG_WARN_BOOL_CONVERSION = YES;
				CLANG_WARN_COMMA = YES;
				CLANG_WARN_CONSTANT_CONVERSION = YES;
				CLANG_WARN_DEPRECATED_OBJC_IMPLEMENTATIONS = YES;
				CLANG_WARN_DIRECT_OBJC_ISA_USAGE = YES_ERROR;
				CLANG_WARN_DOCUMENTATION_COMMENTS = YES;
				CLANG_WARN_EMPTY_BODY = YES;
				CLANG_WARN_ENUM_CONVERSION = YES;
				CLANG_WARN_INFINITE_RECURSION = YES;
				CLANG_WARN_INT_CONVERSION = YES;
				CLANG_WARN_NON_LITERAL_NULL_CONVERSION = YES;
				CLANG_WARN_OBJC_IMPLICIT_RETAIN_SELF = YES;
				CLANG_WARN_OBJC_LITERAL_CONVERSION = YES;
				CLANG_WARN_OBJC_ROOT_CLASS = YES_ERROR;
				CLANG_WARN_QUOTED_INCLUDE_IN_FRAMEWORK_HEADER = YES;
				CLANG_WARN_RANGE_LOOP_ANALYSIS = YES;
				CLANG_WARN_STRICT_PROTOTYPES = YES;
				CLANG_WARN_SUSPICIOUS_MOVE = YES;
				CLANG_WARN_UNGUARDED_AVAILABILITY = YES_AGGRESSIVE;
				CLANG_WARN_UNREACHABLE_CODE = YES;
				CLANG_WARN__DUPLICATE_METHOD_MATCH = YES;
				COPY_PHASE_STRIP = NO;
				DEBUG_INFORMATION_FORMAT = dwarf;
				ENABLE_STRICT_OBJC_MSGSEND = YES;
				ENABLE_TESTABILITY = YES;
				ENABLE_USER_SCRIPT_SANDBOXING = YES;
				GCC_C_LANGUAGE_STANDARD = gnu17;
				GCC_DYNAMIC_NO_PIC = NO;
				GCC_NO_COMMON_BLOCKS = YES;
				GCC_OPTIMIZATION_LEVEL = 0;
				GCC_PREPROCESSOR_DEFINITIONS = (
					"DEBUG=1",
					"$(inherited)",
				);
				GCC_WARN_64_TO_32_BIT_CONVERSION = YES;
				GCC_WARN_ABOUT_RETURN_TYPE = YES_ERROR;
				GCC_WARN_UNDECLARED_SELECTOR = YES;
				GCC_WARN_UNINITIALIZED_AUTOS = YES_AGGRESSIVE;
				GCC_WARN_UNUSED_FUNCTION = YES;
				GCC_WARN_UNUSED_VARIABLE = YES;
				IPHONEOS_DEPLOYMENT_TARGET = 17.5;
				LOCALIZATION_PREFERS_STRING_CATALOGS = YES;
				MTL_ENABLE_DEBUG_INFO = INCLUDE_SOURCE;
				MTL_FAST_MATH = YES;
				ONLY_ACTIVE_ARCH = YES;
				SDKROOT = iphoneos;
				SWIFT_ACTIVE_COMPILATION_CONDITIONS = "DEBUG $(inherited)";
				SWIFT_OPTIMIZATION_LEVEL = "-Onone";
			};
			name = Debug;
		};
		D7AFC5962C74A6C3006FC710 /* Release */ = {
			isa = XCBuildConfiguration;
			buildSettings = {
				ALWAYS_SEARCH_USER_PATHS = NO;
				ASSETCATALOG_COMPILER_GENERATE_SWIFT_ASSET_SYMBOL_EXTENSIONS = YES;
				CLANG_ANALYZER_NONNULL = YES;
				CLANG_ANALYZER_NUMBER_OBJECT_CONVERSION = YES_AGGRESSIVE;
				CLANG_CXX_LANGUAGE_STANDARD = "gnu++20";
				CLANG_ENABLE_MODULES = YES;
				CLANG_ENABLE_OBJC_ARC = YES;
				CLANG_ENABLE_OBJC_WEAK = YES;
				CLANG_WARN_BLOCK_CAPTURE_AUTORELEASING = YES;
				CLANG_WARN_BOOL_CONVERSION = YES;
				CLANG_WARN_COMMA = YES;
				CLANG_WARN_CONSTANT_CONVERSION = YES;
				CLANG_WARN_DEPRECATED_OBJC_IMPLEMENTATIONS = YES;
				CLANG_WARN_DIRECT_OBJC_ISA_USAGE = YES_ERROR;
				CLANG_WARN_DOCUMENTATION_COMMENTS = YES;
				CLANG_WARN_EMPTY_BODY = YES;
				CLANG_WARN_ENUM_CONVERSION = YES;
				CLANG_WARN_INFINITE_RECURSION = YES;
				CLANG_WARN_INT_CONVERSION = YES;
				CLANG_WARN_NON_LITERAL_NULL_CONVERSION = YES;
				CLANG_WARN_OBJC_IMPLICIT_RETAIN_SELF = YES;
				CLANG_WARN_OBJC_LITERAL_CONVERSION = YES;
				CLANG_WARN_OBJC_ROOT_CLASS = YES_ERROR;
				CLANG_WARN_QUOTED_INCLUDE_IN_FRAMEWORK_HEADER = YES;
				CLANG_WARN_RANGE_LOOP_ANALYSIS = YES;
				CLANG_WARN_STRICT_PROTOTYPES = YES;
				CLANG_WARN_SUSPICIOUS_MOVE = YES;
				CLANG_WARN_UNGUARDED_AVAILABILITY = YES_AGGRESSIVE;
				CLANG_WARN_UNREACHABLE_CODE = YES;
				CLANG_WARN__DUPLICATE_METHOD_MATCH = YES;
				COPY_PHASE_STRIP = NO;
				DEBUG_INFORMATION_FORMAT = "dwarf-with-dsym";
				ENABLE_NS_ASSERTIONS = NO;
				ENABLE_STRICT_OBJC_MSGSEND = YES;
				ENABLE_USER_SCRIPT_SANDBOXING = YES;
				GCC_C_LANGUAGE_STANDARD = gnu17;
				GCC_NO_COMMON_BLOCKS = YES;
				GCC_WARN_64_TO_32_BIT_CONVERSION = YES;
				GCC_WARN_ABOUT_RETURN_TYPE = YES_ERROR;
				GCC_WARN_UNDECLARED_SELECTOR = YES;
				GCC_WARN_UNINITIALIZED_AUTOS = YES_AGGRESSIVE;
				GCC_WARN_UNUSED_FUNCTION = YES;
				GCC_WARN_UNUSED_VARIABLE = YES;
				IPHONEOS_DEPLOYMENT_TARGET = 17.5;
				LOCALIZATION_PREFERS_STRING_CATALOGS = YES;
				MTL_ENABLE_DEBUG_INFO = NO;
				MTL_FAST_MATH = YES;
				SDKROOT = iphoneos;
				SWIFT_COMPILATION_MODE = wholemodule;
				VALIDATE_PRODUCT = YES;
			};
			name = Release;
		};
		D7AFC5982C74A6C3006FC710 /* Debug */ = {
			isa = XCBuildConfiguration;
			buildSettings = {
				ASSETCATALOG_COMPILER_APPICON_NAME = AppIcon;
				ASSETCATALOG_COMPILER_GLOBAL_ACCENT_COLOR_NAME = AccentColor;
				CODE_SIGN_STYLE = Automatic;
				CURRENT_PROJECT_VERSION = 1;
				DEVELOPMENT_ASSET_PATHS = "\"NFLStats/Preview Content\"";
				DEVELOPMENT_TEAM = 462RNDQFB9;
				ENABLE_PREVIEWS = YES;
				GENERATE_INFOPLIST_FILE = YES;
				INFOPLIST_KEY_UIApplicationSceneManifest_Generation = YES;
				INFOPLIST_KEY_UIApplicationSupportsIndirectInputEvents = YES;
				INFOPLIST_KEY_UILaunchScreen_Generation = YES;
				INFOPLIST_KEY_UISupportedInterfaceOrientations_iPad = "UIInterfaceOrientationPortrait UIInterfaceOrientationPortraitUpsideDown UIInterfaceOrientationLandscapeLeft UIInterfaceOrientationLandscapeRight";
				INFOPLIST_KEY_UISupportedInterfaceOrientations_iPhone = "UIInterfaceOrientationPortrait UIInterfaceOrientationLandscapeLeft UIInterfaceOrientationLandscapeRight";
				LD_RUNPATH_SEARCH_PATHS = (
					"$(inherited)",
					"@executable_path/Frameworks",
				);
				MARKETING_VERSION = 1.0;
				PRODUCT_BUNDLE_IDENTIFIER = "Stepan-Krasnov.NFLStats";
				PRODUCT_NAME = "$(TARGET_NAME)";
				SWIFT_EMIT_LOC_STRINGS = YES;
				SWIFT_VERSION = 5.0;
				TARGETED_DEVICE_FAMILY = "1,2";
			};
			name = Debug;
		};
		D7AFC5992C74A6C3006FC710 /* Release */ = {
			isa = XCBuildConfiguration;
			buildSettings = {
				ASSETCATALOG_COMPILER_APPICON_NAME = AppIcon;
				ASSETCATALOG_COMPILER_GLOBAL_ACCENT_COLOR_NAME = AccentColor;
				CODE_SIGN_STYLE = Automatic;
				CURRENT_PROJECT_VERSION = 1;
				DEVELOPMENT_ASSET_PATHS = "\"NFLStats/Preview Content\"";
				DEVELOPMENT_TEAM = 462RNDQFB9;
				ENABLE_PREVIEWS = YES;
				GENERATE_INFOPLIST_FILE = YES;
				INFOPLIST_KEY_UIApplicationSceneManifest_Generation = YES;
				INFOPLIST_KEY_UIApplicationSupportsIndirectInputEvents = YES;
				INFOPLIST_KEY_UILaunchScreen_Generation = YES;
				INFOPLIST_KEY_UISupportedInterfaceOrientations_iPad = "UIInterfaceOrientationPortrait UIInterfaceOrientationPortraitUpsideDown UIInterfaceOrientationLandscapeLeft UIInterfaceOrientationLandscapeRight";
				INFOPLIST_KEY_UISupportedInterfaceOrientations_iPhone = "UIInterfaceOrientationPortrait UIInterfaceOrientationLandscapeLeft UIInterfaceOrientationLandscapeRight";
				LD_RUNPATH_SEARCH_PATHS = (
					"$(inherited)",
					"@executable_path/Frameworks",
				);
				MARKETING_VERSION = 1.0;
				PRODUCT_BUNDLE_IDENTIFIER = "Stepan-Krasnov.NFLStats";
				PRODUCT_NAME = "$(TARGET_NAME)";
				SWIFT_EMIT_LOC_STRINGS = YES;
				SWIFT_VERSION = 5.0;
				TARGETED_DEVICE_FAMILY = "1,2";
			};
			name = Release;
		};
/* End XCBuildConfiguration section */

/* Begin XCConfigurationList section */
		D7AFC5842C74A6C1006FC710 /* Build configuration list for PBXProject "NFLStats" */ = {
			isa = XCConfigurationList;
			buildConfigurations = (
				D7AFC5952C74A6C3006FC710 /* Debug */,
				D7AFC5962C74A6C3006FC710 /* Release */,
			);
			defaultConfigurationIsVisible = 0;
			defaultConfigurationName = Release;
		};
		D7AFC5972C74A6C3006FC710 /* Build configuration list for PBXNativeTarget "NFLStats" */ = {
			isa = XCConfigurationList;
			buildConfigurations = (
				D7AFC5982C74A6C3006FC710 /* Debug */,
				D7AFC5992C74A6C3006FC710 /* Release */,
			);
			defaultConfigurationIsVisible = 0;
			defaultConfigurationName = Release;
		};
/* End XCConfigurationList section */

/* Begin XCRemoteSwiftPackageReference section */
		D76FE2492C7DD11100DB4488 /* XCRemoteSwiftPackageReference "firebase-ios-sdk" */ = {
			isa = XCRemoteSwiftPackageReference;
			repositoryURL = "https://github.com/firebase/firebase-ios-sdk";
			requirement = {
				kind = upToNextMajorVersion;
				minimumVersion = 11.1.0;
			};
		};
/* End XCRemoteSwiftPackageReference section */

/* Begin XCSwiftPackageProductDependency section */
		D76FE24A2C7DD11100DB4488 /* FirebaseAuth */ = {
			isa = XCSwiftPackageProductDependency;
			package = D76FE2492C7DD11100DB4488 /* XCRemoteSwiftPackageReference "firebase-ios-sdk" */;
			productName = FirebaseAuth;
		};
		D76FE24C2C7DD11100DB4488 /* FirebaseFirestore */ = {
			isa = XCSwiftPackageProductDependency;
			package = D76FE2492C7DD11100DB4488 /* XCRemoteSwiftPackageReference "firebase-ios-sdk" */;
			productName = FirebaseFirestore;
		};
		D76FE24E2C7DD11100DB4488 /* FirebaseStorage */ = {
			isa = XCSwiftPackageProductDependency;
			package = D76FE2492C7DD11100DB4488 /* XCRemoteSwiftPackageReference "firebase-ios-sdk" */;
			productName = FirebaseStorage;
		};
/* End XCSwiftPackageProductDependency section */
	};
	rootObject = D7AFC5812C74A6C1006FC710 /* Project object */;
}
